
Microsoft Visual Studio Solution File, Format Version 12.00
# Visual Studio Version 17
VisualStudioVersion = 17.11.35327.3
MinimumVisualStudioVersion = 10.0.40219.1
Project("{FAE04EC0-301F-11D3-BF4B-00C04F79EFBC}") = "Padaria", "Padaria\Padaria.csproj", "{B6A7F5FB-F9E0-4C63-8196-E994B01FD76A}"
EndProject
Global
	GlobalSection(SolutionConfigurationPlatforms) = preSolution
		Debug|Any CPU = Debug|Any CPU
		Release|Any CPU = Release|Any CPU
	EndGlobalSection
	GlobalSection(ProjectConfigurationPlatforms) = postSolution
		{B6A7F5FB-F9E0-4C63-8196-E994B01FD76A}.Debug|Any CPU.ActiveCfg = Debug|Any CPU
		{B6A7F5FB-F9E0-4C63-8196-E994B01FD76A}.Debug|Any CPU.Build.0 = Debug|Any CPU
		{B6A7F5FB-F9E0-4C63-8196-E994B01FD76A}.Release|Any CPU.ActiveCfg = Release|Any CPU
		{B6A7F5FB-F9E0-4C63-8196-E994B01FD76A}.Release|Any CPU.Build.0 = Release|Any CPU
	EndGlobalSection
	GlobalSection(SolutionProperties) = preSolution
		HideSolutionNode = FALSE
	EndGlobalSection
	GlobalSection(ExtensibilityGlobals) = postSolution
		SolutionGuid = {9A74A2F6-BFCB-42A6-AFAC-CFA653E60BE9}
	EndGlobalSection
EndGlobal
